
Microsoft Visual Studio Solution File, Format Version 12.00
# Visual Studio Version 17
VisualStudioVersion = 17.3.32825.248
MinimumVisualStudioVersion = 10.0.40219.1
Project("{9A19103F-16F7-4668-BE54-9A1E7A4F7556}") = "Local Vinyl Player", "Local Vinyl Player\Local Vinyl Player.csproj", "{A80A21FC-12CF-4CD0-A9A1-D0CAFF318304}"
EndProject
Project("{54435603-DBB4-11D2-8724-00A0C9A8B90C}") = "Vinyl Installer", "Vinyl Installer\Vinyl Installer.vdproj", "{A553A655-AE04-411F-A08C-AF833EC060DB}"
EndProject
Global
	GlobalSection(SolutionConfigurationPlatforms) = preSolution
		Debug|Any CPU = Debug|Any CPU
		Release|Any CPU = Release|Any CPU
	EndGlobalSection
	GlobalSection(ProjectConfigurationPlatforms) = postSolution
		{A80A21FC-12CF-4CD0-A9A1-D0CAFF318304}.Debug|Any CPU.ActiveCfg = Debug|Any CPU
		{A80A21FC-12CF-4CD0-A9A1-D0CAFF318304}.Debug|Any CPU.Build.0 = Debug|Any CPU
		{A80A21FC-12CF-4CD0-A9A1-D0CAFF318304}.Release|Any CPU.ActiveCfg = Release|Any CPU
		{A80A21FC-12CF-4CD0-A9A1-D0CAFF318304}.Release|Any CPU.Build.0 = Release|Any CPU
		{A553A655-AE04-411F-A08C-AF833EC060DB}.Debug|Any CPU.ActiveCfg = Debug
		{A553A655-AE04-411F-A08C-AF833EC060DB}.Release|Any CPU.ActiveCfg = Release
	EndGlobalSection
	GlobalSection(SolutionProperties) = preSolution
		HideSolutionNode = FALSE
	EndGlobalSection
	GlobalSection(ExtensibilityGlobals) = postSolution
		SolutionGuid = {159FC37E-B68A-4ACA-9A71-DB21CBE1342D}
	EndGlobalSection
EndGlobal
